
Microsoft Visual Studio Solution File, Format Version 12.00
# Visual Studio Version 17
VisualStudioVersion = 17.7.34024.191
MinimumVisualStudioVersion = 10.0.40219.1
Project("{FAE04EC0-301F-11D3-BF4B-00C04F79EFBC}") = "firstTask", "firstTask\firstTask.csproj", "{88D0C77A-AF11-410D-8DC4-F70DC8B5BBFE}"
EndProject
Project("{FAE04EC0-301F-11D3-BF4B-00C04F79EFBC}") = "fourTask", "fourTask\fourTask.csproj", "{79293B31-1D6A-4DA0-B5A3-B4E14285046C}"
EndProject
Project("{FAE04EC0-301F-11D3-BF4B-00C04F79EFBC}") = "secondTask", "secondTask\secondTask.csproj", "{B4014D73-AC29-4405-9762-293BF27CD98E}"
EndProject
Project("{FAE04EC0-301F-11D3-BF4B-00C04F79EFBC}") = "thirdTask", "thirdTask\thirdTask.csproj", "{0E83EFD3-66EA-487F-80E6-1DC5081BDD20}"
EndProject
Project("{FAE04EC0-301F-11D3-BF4B-00C04F79EFBC}") = "seventhTask", "seventhTask\seventhTask.csproj", "{D7C94250-ECC0-4E1B-B6B2-F5C88BDE3D83}"
EndProject
Project("{FAE04EC0-301F-11D3-BF4B-00C04F79EFBC}") = "fifthTask", "fifthTask\fifthTask.csproj", "{811040DD-1BCC-429E-B2B4-A2B150130FE1}"
EndProject
Project("{FAE04EC0-301F-11D3-BF4B-00C04F79EFBC}") = "eighthTask", "eighthTask\eighthTask.csproj", "{A4057F83-1E1C-4C87-8915-D3968AB2414E}"
EndProject
Project("{FAE04EC0-301F-11D3-BF4B-00C04F79EFBC}") = "02-Ivan", "02-Ivan\02-Ivan.csproj", "{E2F53D4B-8477-43D3-8DF7-1D203D008364}"
EndProject
Project("{FAE04EC0-301F-11D3-BF4B-00C04F79EFBC}") = "01-Ivan", "01-Ivan\01-Ivan.csproj", "{7596B1B5-007D-4838-9C95-E721934CAAA5}"
EndProject
Project("{FAE04EC0-301F-11D3-BF4B-00C04F79EFBC}") = "05-Ivan", "05-Ivan\05-Ivan.csproj", "{01DA3594-EFE0-4D97-815E-781B748F2BE1}"
EndProject
Project("{FAE04EC0-301F-11D3-BF4B-00C04F79EFBC}") = "03-Ivan", "03-Ivan\03-Ivan.csproj", "{9B3B2AF8-B5F1-4BDF-AF3C-8585D45299A6}"
EndProject
Project("{FAE04EC0-301F-11D3-BF4B-00C04F79EFBC}") = "04-Ivan", "04-Ivan\04-Ivan.csproj", "{70BAFA38-D942-4F94-B554-B6E3EBFD54DF}"
EndProject
Project("{FAE04EC0-301F-11D3-BF4B-00C04F79EFBC}") = "07-Ivan", "07-Ivan\07-Ivan.csproj", "{E9DE505A-F794-4CF0-9CE0-EA3A3DAB4F96}"
EndProject
Project("{FAE04EC0-301F-11D3-BF4B-00C04F79EFBC}") = "08-Ivan", "08-Ivan\08-Ivan.csproj", "{F819220C-6243-4BCF-8FC9-3D107B1F0B1D}"
EndProject
Project("{FAE04EC0-301F-11D3-BF4B-00C04F79EFBC}") = "06-Ivan", "06-Ivan\06-Ivan.csproj", "{BAB5771F-141C-4A5B-9AEC-0F9A3CBC8652}"
EndProject
Project("{FAE04EC0-301F-11D3-BF4B-00C04F79EFBC}") = "01-Ivan-Sam", "01-Ivan-Sam\01-Ivan-Sam.csproj", "{129380F2-B563-4619-879D-1F3BB366F2A4}"
EndProject
Global
	GlobalSection(SolutionConfigurationPlatforms) = preSolution
		Debug|Any CPU = Debug|Any CPU
		Release|Any CPU = Release|Any CPU
	EndGlobalSection
	GlobalSection(ProjectConfigurationPlatforms) = postSolution
		{88D0C77A-AF11-410D-8DC4-F70DC8B5BBFE}.Debug|Any CPU.ActiveCfg = Debug|Any CPU
		{88D0C77A-AF11-410D-8DC4-F70DC8B5BBFE}.Debug|Any CPU.Build.0 = Debug|Any CPU
		{88D0C77A-AF11-410D-8DC4-F70DC8B5BBFE}.Release|Any CPU.ActiveCfg = Release|Any CPU
		{88D0C77A-AF11-410D-8DC4-F70DC8B5BBFE}.Release|Any CPU.Build.0 = Release|Any CPU
		{79293B31-1D6A-4DA0-B5A3-B4E14285046C}.Debug|Any CPU.ActiveCfg = Debug|Any CPU
		{79293B31-1D6A-4DA0-B5A3-B4E14285046C}.Debug|Any CPU.Build.0 = Debug|Any CPU
		{79293B31-1D6A-4DA0-B5A3-B4E14285046C}.Release|Any CPU.ActiveCfg = Release|Any CPU
		{79293B31-1D6A-4DA0-B5A3-B4E14285046C}.Release|Any CPU.Build.0 = Release|Any CPU
		{B4014D73-AC29-4405-9762-293BF27CD98E}.Debug|Any CPU.ActiveCfg = Debug|Any CPU
		{B4014D73-AC29-4405-9762-293BF27CD98E}.Debug|Any CPU.Build.0 = Debug|Any CPU
		{B4014D73-AC29-4405-9762-293BF27CD98E}.Release|Any CPU.ActiveCfg = Release|Any CPU
		{B4014D73-AC29-4405-9762-293BF27CD98E}.Release|Any CPU.Build.0 = Release|Any CPU
		{0E83EFD3-66EA-487F-80E6-1DC5081BDD20}.Debug|Any CPU.ActiveCfg = Debug|Any CPU
		{0E83EFD3-66EA-487F-80E6-1DC5081BDD20}.Debug|Any CPU.Build.0 = Debug|Any CPU
		{0E83EFD3-66EA-487F-80E6-1DC5081BDD20}.Release|Any CPU.ActiveCfg = Release|Any CPU
		{0E83EFD3-66EA-487F-80E6-1DC5081BDD20}.Release|Any CPU.Build.0 = Release|Any CPU
		{D7C94250-ECC0-4E1B-B6B2-F5C88BDE3D83}.Debug|Any CPU.ActiveCfg = Debug|Any CPU
		{D7C94250-ECC0-4E1B-B6B2-F5C88BDE3D83}.Debug|Any CPU.Build.0 = Debug|Any CPU
		{D7C94250-ECC0-4E1B-B6B2-F5C88BDE3D83}.Release|Any CPU.ActiveCfg = Release|Any CPU
		{D7C94250-ECC0-4E1B-B6B2-F5C88BDE3D83}.Release|Any CPU.Build.0 = Release|Any CPU
		{811040DD-1BCC-429E-B2B4-A2B150130FE1}.Debug|Any CPU.ActiveCfg = Debug|Any CPU
		{811040DD-1BCC-429E-B2B4-A2B150130FE1}.Debug|Any CPU.Build.0 = Debug|Any CPU
		{811040DD-1BCC-429E-B2B4-A2B150130FE1}.Release|Any CPU.ActiveCfg = Release|Any CPU
		{811040DD-1BCC-429E-B2B4-A2B150130FE1}.Release|Any CPU.Build.0 = Release|Any CPU
		{A4057F83-1E1C-4C87-8915-D3968AB2414E}.Debug|Any CPU.ActiveCfg = Debug|Any CPU
		{A4057F83-1E1C-4C87-8915-D3968AB2414E}.Debug|Any CPU.Build.0 = Debug|Any CPU
		{A4057F83-1E1C-4C87-8915-D3968AB2414E}.Release|Any CPU.ActiveCfg = Release|Any CPU
		{A4057F83-1E1C-4C87-8915-D3968AB2414E}.Release|Any CPU.Build.0 = Release|Any CPU
		{E2F53D4B-8477-43D3-8DF7-1D203D008364}.Debug|Any CPU.ActiveCfg = Debug|Any CPU
		{E2F53D4B-8477-43D3-8DF7-1D203D008364}.Debug|Any CPU.Build.0 = Debug|Any CPU
		{E2F53D4B-8477-43D3-8DF7-1D203D008364}.Release|Any CPU.ActiveCfg = Release|Any CPU
		{E2F53D4B-8477-43D3-8DF7-1D203D008364}.Release|Any CPU.Build.0 = Release|Any CPU
		{7596B1B5-007D-4838-9C95-E721934CAAA5}.Debug|Any CPU.ActiveCfg = Debug|Any CPU
		{7596B1B5-007D-4838-9C95-E721934CAAA5}.Debug|Any CPU.Build.0 = Debug|Any CPU
		{7596B1B5-007D-4838-9C95-E721934CAAA5}.Release|Any CPU.ActiveCfg = Release|Any CPU
		{7596B1B5-007D-4838-9C95-E721934CAAA5}.Release|Any CPU.Build.0 = Release|Any CPU
		{01DA3594-EFE0-4D97-815E-781B748F2BE1}.Debug|Any CPU.ActiveCfg = Debug|Any CPU
		{01DA3594-EFE0-4D97-815E-781B748F2BE1}.Debug|Any CPU.Build.0 = Debug|Any CPU
		{01DA3594-EFE0-4D97-815E-781B748F2BE1}.Release|Any CPU.ActiveCfg = Release|Any CPU
		{01DA3594-EFE0-4D97-815E-781B748F2BE1}.Release|Any CPU.Build.0 = Release|Any CPU
		{9B3B2AF8-B5F1-4BDF-AF3C-8585D45299A6}.Debug|Any CPU.ActiveCfg = Debug|Any CPU
		{9B3B2AF8-B5F1-4BDF-AF3C-8585D45299A6}.Debug|Any CPU.Build.0 = Debug|Any CPU
		{9B3B2AF8-B5F1-4BDF-AF3C-8585D45299A6}.Release|Any CPU.ActiveCfg = Release|Any CPU
		{9B3B2AF8-B5F1-4BDF-AF3C-8585D45299A6}.Release|Any CPU.Build.0 = Release|Any CPU
		{70BAFA38-D942-4F94-B554-B6E3EBFD54DF}.Debug|Any CPU.ActiveCfg = Debug|Any CPU
		{70BAFA38-D942-4F94-B554-B6E3EBFD54DF}.Debug|Any CPU.Build.0 = Debug|Any CPU
		{70BAFA38-D942-4F94-B554-B6E3EBFD54DF}.Release|Any CPU.ActiveCfg = Release|Any CPU
		{70BAFA38-D942-4F94-B554-B6E3EBFD54DF}.Release|Any CPU.Build.0 = Release|Any CPU
		{E9DE505A-F794-4CF0-9CE0-EA3A3DAB4F96}.Debug|Any CPU.ActiveCfg = Debug|Any CPU
		{E9DE505A-F794-4CF0-9CE0-EA3A3DAB4F96}.Debug|Any CPU.Build.0 = Debug|Any CPU
		{E9DE505A-F794-4CF0-9CE0-EA3A3DAB4F96}.Release|Any CPU.ActiveCfg = Release|Any CPU
		{E9DE505A-F794-4CF0-9CE0-EA3A3DAB4F96}.Release|Any CPU.Build.0 = Release|Any CPU
		{F819220C-6243-4BCF-8FC9-3D107B1F0B1D}.Debug|Any CPU.ActiveCfg = Debug|Any CPU
		{F819220C-6243-4BCF-8FC9-3D107B1F0B1D}.Debug|Any CPU.Build.0 = Debug|Any CPU
		{F819220C-6243-4BCF-8FC9-3D107B1F0B1D}.Release|Any CPU.ActiveCfg = Release|Any CPU
		{F819220C-6243-4BCF-8FC9-3D107B1F0B1D}.Release|Any CPU.Build.0 = Release|Any CPU
		{BAB5771F-141C-4A5B-9AEC-0F9A3CBC8652}.Debug|Any CPU.ActiveCfg = Debug|Any CPU
		{BAB5771F-141C-4A5B-9AEC-0F9A3CBC8652}.Debug|Any CPU.Build.0 = Debug|Any CPU
		{BAB5771F-141C-4A5B-9AEC-0F9A3CBC8652}.Release|Any CPU.ActiveCfg = Release|Any CPU
		{BAB5771F-141C-4A5B-9AEC-0F9A3CBC8652}.Release|Any CPU.Build.0 = Release|Any CPU
		{129380F2-B563-4619-879D-1F3BB366F2A4}.Debug|Any CPU.ActiveCfg = Debug|Any CPU
		{129380F2-B563-4619-879D-1F3BB366F2A4}.Debug|Any CPU.Build.0 = Debug|Any CPU
		{129380F2-B563-4619-879D-1F3BB366F2A4}.Release|Any CPU.ActiveCfg = Release|Any CPU
		{129380F2-B563-4619-879D-1F3BB366F2A4}.Release|Any CPU.Build.0 = Release|Any CPU
	EndGlobalSection
	GlobalSection(SolutionProperties) = preSolution
		HideSolutionNode = FALSE
	EndGlobalSection
	GlobalSection(ExtensibilityGlobals) = postSolution
		SolutionGuid = {B47F2651-D825-4642-A11F-29F7749BC867}
	EndGlobalSection
EndGlobal
