
Microsoft Visual Studio Solution File, Format Version 12.00
# Visual Studio Version 17
VisualStudioVersion = 17.7.34024.191
MinimumVisualStudioVersion = 10.0.40219.1
Project("{FAE04EC0-301F-11D3-BF4B-00C04F79EFBC}") = "firstTask", "firstTask\firstTask.csproj", "{88D0C77A-AF11-410D-8DC4-F70DC8B5BBFE}"
EndProject
Project("{FAE04EC0-301F-11D3-BF4B-00C04F79EFBC}") = "fourTask", "fourTask\fourTask.csproj", "{79293B31-1D6A-4DA0-B5A3-B4E14285046C}"
EndProject
Project("{FAE04EC0-301F-11D3-BF4B-00C04F79EFBC}") = "secondTask", "secondTask\secondTask.csproj", "{B4014D73-AC29-4405-9762-293BF27CD98E}"
EndProject
Project("{FAE04EC0-301F-11D3-BF4B-00C04F79EFBC}") = "thirdTask", "thirdTask\thirdTask.csproj", "{0E83EFD3-66EA-487F-80E6-1DC5081BDD20}"
EndProject
Project("{FAE04EC0-301F-11D3-BF4B-00C04F79EFBC}") = "seventhTask", "seventhTask\seventhTask.csproj", "{D7C94250-ECC0-4E1B-B6B2-F5C88BDE3D83}"
EndProject
Project("{FAE04EC0-301F-11D3-BF4B-00C04F79EFBC}") = "fifthTask", "fifthTask\fifthTask.csproj", "{811040DD-1BCC-429E-B2B4-A2B150130FE1}"
EndProject
Global
	GlobalSection(SolutionConfigurationPlatforms) = preSolution
		Debug|Any CPU = Debug|Any CPU
		Release|Any CPU = Release|Any CPU
	EndGlobalSection
	GlobalSection(ProjectConfigurationPlatforms) = postSolution
		{88D0C77A-AF11-410D-8DC4-F70DC8B5BBFE}.Debug|Any CPU.ActiveCfg = Debug|Any CPU
		{88D0C77A-AF11-410D-8DC4-F70DC8B5BBFE}.Debug|Any CPU.Build.0 = Debug|Any CPU
		{88D0C77A-AF11-410D-8DC4-F70DC8B5BBFE}.Release|Any CPU.ActiveCfg = Release|Any CPU
		{88D0C77A-AF11-410D-8DC4-F70DC8B5BBFE}.Release|Any CPU.Build.0 = Release|Any CPU
		{79293B31-1D6A-4DA0-B5A3-B4E14285046C}.Debug|Any CPU.ActiveCfg = Debug|Any CPU
		{79293B31-1D6A-4DA0-B5A3-B4E14285046C}.Debug|Any CPU.Build.0 = Debug|Any CPU
		{79293B31-1D6A-4DA0-B5A3-B4E14285046C}.Release|Any CPU.ActiveCfg = Release|Any CPU
		{79293B31-1D6A-4DA0-B5A3-B4E14285046C}.Release|Any CPU.Build.0 = Release|Any CPU
		{B4014D73-AC29-4405-9762-293BF27CD98E}.Debug|Any CPU.ActiveCfg = Debug|Any CPU
		{B4014D73-AC29-4405-9762-293BF27CD98E}.Debug|Any CPU.Build.0 = Debug|Any CPU
		{B4014D73-AC29-4405-9762-293BF27CD98E}.Release|Any CPU.ActiveCfg = Release|Any CPU
		{B4014D73-AC29-4405-9762-293BF27CD98E}.Release|Any CPU.Build.0 = Release|Any CPU
		{0E83EFD3-66EA-487F-80E6-1DC5081BDD20}.Debug|Any CPU.ActiveCfg = Debug|Any CPU
		{0E83EFD3-66EA-487F-80E6-1DC5081BDD20}.Debug|Any CPU.Build.0 = Debug|Any CPU
		{0E83EFD3-66EA-487F-80E6-1DC5081BDD20}.Release|Any CPU.ActiveCfg = Release|Any CPU
		{0E83EFD3-66EA-487F-80E6-1DC5081BDD20}.Release|Any CPU.Build.0 = Release|Any CPU
		{D7C94250-ECC0-4E1B-B6B2-F5C88BDE3D83}.Debug|Any CPU.ActiveCfg = Debug|Any CPU
		{D7C94250-ECC0-4E1B-B6B2-F5C88BDE3D83}.Debug|Any CPU.Build.0 = Debug|Any CPU
		{D7C94250-ECC0-4E1B-B6B2-F5C88BDE3D83}.Release|Any CPU.ActiveCfg = Release|Any CPU
		{D7C94250-ECC0-4E1B-B6B2-F5C88BDE3D83}.Release|Any CPU.Build.0 = Release|Any CPU
		{811040DD-1BCC-429E-B2B4-A2B150130FE1}.Debug|Any CPU.ActiveCfg = Debug|Any CPU
		{811040DD-1BCC-429E-B2B4-A2B150130FE1}.Debug|Any CPU.Build.0 = Debug|Any CPU
		{811040DD-1BCC-429E-B2B4-A2B150130FE1}.Release|Any CPU.ActiveCfg = Release|Any CPU
		{811040DD-1BCC-429E-B2B4-A2B150130FE1}.Release|Any CPU.Build.0 = Release|Any CPU
	EndGlobalSection
	GlobalSection(SolutionProperties) = preSolution
		HideSolutionNode = FALSE
	EndGlobalSection
	GlobalSection(ExtensibilityGlobals) = postSolution
		SolutionGuid = {B47F2651-D825-4642-A11F-29F7749BC867}
	EndGlobalSection
EndGlobal
